// !$*UTF8*$!
{
	archiveVersion = 1;
	classes = {
	};
	objectVersion = 77;
	objects = {

/* Begin PBXContainerItemProxy section */
		3FC7B9FF2CB8C37D0089AE90 /* PBXContainerItemProxy */ = {
			isa = PBXContainerItemProxy;
			containerPortal = 3FC7B9E62CB8C37A0089AE90 /* Project object */;
			proxyType = 1;
			remoteGlobalIDString = 3FC7B9ED2CB8C37A0089AE90;
			remoteInfo = w04_isb;
		};
		3FC7BA092CB8C37D0089AE90 /* PBXContainerItemProxy */ = {
			isa = PBXContainerItemProxy;
			containerPortal = 3FC7B9E62CB8C37A0089AE90 /* Project object */;
			proxyType = 1;
			remoteGlobalIDString = 3FC7B9ED2CB8C37A0089AE90;
			remoteInfo = w04_isb;
		};
/* End PBXContainerItemProxy section */

/* Begin PBXFileReference section */
		3FC7B9EE2CB8C37A0089AE90 /* w04_isb.app */ = {isa = PBXFileReference; explicitFileType = wrapper.application; includeInIndex = 0; path = w04_isb.app; sourceTree = BUILT_PRODUCTS_DIR; };
		3FC7B9FE2CB8C37D0089AE90 /* w04_isbTests.xctest */ = {isa = PBXFileReference; explicitFileType = wrapper.cfbundle; includeInIndex = 0; path = w04_isbTests.xctest; sourceTree = BUILT_PRODUCTS_DIR; };
		3FC7BA082CB8C37D0089AE90 /* w04_isbUITests.xctest */ = {isa = PBXFileReference; explicitFileType = wrapper.cfbundle; includeInIndex = 0; path = w04_isbUITests.xctest; sourceTree = BUILT_PRODUCTS_DIR; };
/* End PBXFileReference section */

/* Begin PBXFileSystemSynchronizedRootGroup section */
		3FC7B9F02CB8C37A0089AE90 /* w04_isb */ = {
			isa = PBXFileSystemSynchronizedRootGroup;
			path = w04_isb;
			sourceTree = "<group>";
		};
		3FC7BA012CB8C37D0089AE90 /* w04_isbTests */ = {
			isa = PBXFileSystemSynchronizedRootGroup;
			path = w04_isbTests;
			sourceTree = "<group>";
		};
		3FC7BA0B2CB8C37D0089AE90 /* w04_isbUITests */ = {
			isa = PBXFileSystemSynchronizedRootGroup;
			path = w04_isbUITests;
			sourceTree = "<group>";
		};
/* End PBXFileSystemSynchronizedRootGroup section */

/* Begin PBXFrameworksBuildPhase section */
		3FC7B9EB2CB8C37A0089AE90 /* Frameworks */ = {
			isa = PBXFrameworksBuildPhase;
			buildActionMask = 2147483647;
			files = (
			);
			runOnlyForDeploymentPostprocessing = 0;
		};
		3FC7B9FB2CB8C37D0089AE90 /* Frameworks */ = {
			isa = PBXFrameworksBuildPhase;
			buildActionMask = 2147483647;
			files = (
			);
			runOnlyForDeploymentPostprocessing = 0;
		};
		3FC7BA052CB8C37D0089AE90 /* Frameworks */ = {
			isa = PBXFrameworksBuildPhase;
			buildActionMask = 2147483647;
			files = (
			);
			runOnlyForDeploymentPostprocessing = 0;
		};
/* End PBXFrameworksBuildPhase section */

/* Begin PBXGroup section */
		3FC7B9E52CB8C37A0089AE90 = {
			isa = PBXGroup;
			children = (
				3FC7B9F02CB8C37A0089AE90 /* w04_isb */,
				3FC7BA012CB8C37D0089AE90 /* w04_isbTests */,
				3FC7BA0B2CB8C37D0089AE90 /* w04_isbUITests */,
				3FC7B9EF2CB8C37A0089AE90 /* Products */,
			);
			sourceTree = "<group>";
		};
		3FC7B9EF2CB8C37A0089AE90 /* Products */ = {
			isa = PBXGroup;
			children = (
				3FC7B9EE2CB8C37A0089AE90 /* w04_isb.app */,
				3FC7B9FE2CB8C37D0089AE90 /* w04_isbTests.xctest */,
				3FC7BA082CB8C37D0089AE90 /* w04_isbUITests.xctest */,
			);
			name = Products;
			sourceTree = "<group>";
		};
/* End PBXGroup section */

/* Begin PBXNativeTarget section */
		3FC7B9ED2CB8C37A0089AE90 /* w04_isb */ = {
			isa = PBXNativeTarget;
			buildConfigurationList = 3FC7BA122CB8C37D0089AE90 /* Build configuration list for PBXNativeTarget "w04_isb" */;
			buildPhases = (
				3FC7B9EA2CB8C37A0089AE90 /* Sources */,
				3FC7B9EB2CB8C37A0089AE90 /* Frameworks */,
				3FC7B9EC2CB8C37A0089AE90 /* Resources */,
			);
			buildRules = (
			);
			dependencies = (
			);
			fileSystemSynchronizedGroups = (
				3FC7B9F02CB8C37A0089AE90 /* w04_isb */,
			);
			name = w04_isb;
			packageProductDependencies = (
			);
			productName = w04_isb;
			productReference = 3FC7B9EE2CB8C37A0089AE90 /* w04_isb.app */;
			productType = "com.apple.product-type.application";
		};
		3FC7B9FD2CB8C37D0089AE90 /* w04_isbTests */ = {
			isa = PBXNativeTarget;
			buildConfigurationList = 3FC7BA152CB8C37D0089AE90 /* Build configuration list for PBXNativeTarget "w04_isbTests" */;
			buildPhases = (
				3FC7B9FA2CB8C37D0089AE90 /* Sources */,
				3FC7B9FB2CB8C37D0089AE90 /* Frameworks */,
				3FC7B9FC2CB8C37D0089AE90 /* Resources */,
			);
			buildRules = (
			);
			dependencies = (
				3FC7BA002CB8C37D0089AE90 /* PBXTargetDependency */,
			);
			fileSystemSynchronizedGroups = (
				3FC7BA012CB8C37D0089AE90 /* w04_isbTests */,
			);
			name = w04_isbTests;
			packageProductDependencies = (
			);
			productName = w04_isbTests;
			productReference = 3FC7B9FE2CB8C37D0089AE90 /* w04_isbTests.xctest */;
			productType = "com.apple.product-type.bundle.unit-test";
		};
		3FC7BA072CB8C37D0089AE90 /* w04_isbUITests */ = {
			isa = PBXNativeTarget;
			buildConfigurationList = 3FC7BA182CB8C37D0089AE90 /* Build configuration list for PBXNativeTarget "w04_isbUITests" */;
			buildPhases = (
				3FC7BA042CB8C37D0089AE90 /* Sources */,
				3FC7BA052CB8C37D0089AE90 /* Frameworks */,
				3FC7BA062CB8C37D0089AE90 /* Resources */,
			);
			buildRules = (
			);
			dependencies = (
				3FC7BA0A2CB8C37D0089AE90 /* PBXTargetDependency */,
			);
			fileSystemSynchronizedGroups = (
				3FC7BA0B2CB8C37D0089AE90 /* w04_isbUITests */,
			);
			name = w04_isbUITests;
			packageProductDependencies = (
			);
			productName = w04_isbUITests;
			productReference = 3FC7BA082CB8C37D0089AE90 /* w04_isbUITests.xctest */;
			productType = "com.apple.product-type.bundle.ui-testing";
		};
/* End PBXNativeTarget section */

/* Begin PBXProject section */
		3FC7B9E62CB8C37A0089AE90 /* Project object */ = {
			isa = PBXProject;
			attributes = {
				BuildIndependentTargetsInParallel = 1;
				LastSwiftUpdateCheck = 1600;
				LastUpgradeCheck = 1600;
				TargetAttributes = {
					3FC7B9ED2CB8C37A0089AE90 = {
						CreatedOnToolsVersion = 16.0;
					};
					3FC7B9FD2CB8C37D0089AE90 = {
						CreatedOnToolsVersion = 16.0;
						TestTargetID = 3FC7B9ED2CB8C37A0089AE90;
					};
					3FC7BA072CB8C37D0089AE90 = {
						CreatedOnToolsVersion = 16.0;
						TestTargetID = 3FC7B9ED2CB8C37A0089AE90;
					};
				};
			};
			buildConfigurationList = 3FC7B9E92CB8C37A0089AE90 /* Build configuration list for PBXProject "w04_isb" */;
			developmentRegion = en;
			hasScannedForEncodings = 0;
			knownRegions = (
				en,
				Base,
			);
			mainGroup = 3FC7B9E52CB8C37A0089AE90;
			minimizedProjectReferenceProxies = 1;
			preferredProjectObjectVersion = 77;
			productRefGroup = 3FC7B9EF2CB8C37A0089AE90 /* Products */;
			projectDirPath = "";
			projectRoot = "";
			targets = (
				3FC7B9ED2CB8C37A0089AE90 /* w04_isb */,
				3FC7B9FD2CB8C37D0089AE90 /* w04_isbTests */,
				3FC7BA072CB8C37D0089AE90 /* w04_isbUITests */,
			);
		};
/* End PBXProject section */

/* Begin PBXResourcesBuildPhase section */
		3FC7B9EC2CB8C37A0089AE90 /* Resources */ = {
			isa = PBXResourcesBuildPhase;
			buildActionMask = 2147483647;
			files = (
			);
			runOnlyForDeploymentPostprocessing = 0;
		};
		3FC7B9FC2CB8C37D0089AE90 /* Resources */ = {
			isa = PBXResourcesBuildPhase;
			buildActionMask = 2147483647;
			files = (
			);
			runOnlyForDeploymentPostprocessing = 0;
		};
		3FC7BA062CB8C37D0089AE90 /* Resources */ = {
			isa = PBXResourcesBuildPhase;
			buildActionMask = 2147483647;
			files = (
			);
			runOnlyForDeploymentPostprocessing = 0;
		};
/* End PBXResourcesBuildPhase section */

/* Begin PBXSourcesBuildPhase section */
		3FC7B9EA2CB8C37A0089AE90 /* Sources */ = {
			isa = PBXSourcesBuildPhase;
			buildActionMask = 2147483647;
			files = (
			);
			runOnlyForDeploymentPostprocessing = 0;
		};
		3FC7B9FA2CB8C37D0089AE90 /* Sources */ = {
			isa = PBXSourcesBuildPhase;
			buildActionMask = 2147483647;
			files = (
			);
			runOnlyForDeploymentPostprocessing = 0;
		};
		3FC7BA042CB8C37D0089AE90 /* Sources */ = {
			isa = PBXSourcesBuildPhase;
			buildActionMask = 2147483647;
			files = (
			);
			runOnlyForDeploymentPostprocessing = 0;
		};
/* End PBXSourcesBuildPhase section */

/* Begin PBXTargetDependency section */
		3FC7BA002CB8C37D0089AE90 /* PBXTargetDependency */ = {
			isa = PBXTargetDependency;
			target = 3FC7B9ED2CB8C37A0089AE90 /* w04_isb */;
			targetProxy = 3FC7B9FF2CB8C37D0089AE90 /* PBXContainerItemProxy */;
		};
		3FC7BA0A2CB8C37D0089AE90 /* PBXTargetDependency */ = {
			isa = PBXTargetDependency;
			target = 3FC7B9ED2CB8C37A0089AE90 /* w04_isb */;
			targetProxy = 3FC7BA092CB8C37D0089AE90 /* PBXContainerItemProxy */;
		};
/* End PBXTargetDependency section */

/* Begin XCBuildConfiguration section */
		3FC7BA102CB8C37D0089AE90 /* Debug */ = {
			isa = XCBuildConfiguration;
			buildSettings = {
				ALWAYS_SEARCH_USER_PATHS = NO;
				ASSETCATALOG_COMPILER_GENERATE_SWIFT_ASSET_SYMBOL_EXTENSIONS = YES;
				CLANG_ANALYZER_NONNULL = YES;
				CLANG_ANALYZER_NUMBER_OBJECT_CONVERSION = YES_AGGRESSIVE;
				CLANG_CXX_LANGUAGE_STANDARD = "gnu++20";
				CLANG_ENABLE_MODULES = YES;
				CLANG_ENABLE_OBJC_ARC = YES;
				CLANG_ENABLE_OBJC_WEAK = YES;
				CLANG_WARN_BLOCK_CAPTURE_AUTORELEASING = YES;
				CLANG_WARN_BOOL_CONVERSION = YES;
				CLANG_WARN_COMMA = YES;
				CLANG_WARN_CONSTANT_CONVERSION = YES;
				CLANG_WARN_DEPRECATED_OBJC_IMPLEMENTATIONS = YES;
				CLANG_WARN_DIRECT_OBJC_ISA_USAGE = YES_ERROR;
				CLANG_WARN_DOCUMENTATION_COMMENTS = YES;
				CLANG_WARN_EMPTY_BODY = YES;
				CLANG_WARN_ENUM_CONVERSION = YES;
				CLANG_WARN_INFINITE_RECURSION = YES;
				CLANG_WARN_INT_CONVERSION = YES;
				CLANG_WARN_NON_LITERAL_NULL_CONVERSION = YES;
				CLANG_WARN_OBJC_IMPLICIT_RETAIN_SELF = YES;
				CLANG_WARN_OBJC_LITERAL_CONVERSION = YES;
				CLANG_WARN_OBJC_ROOT_CLASS = YES_ERROR;
				CLANG_WARN_QUOTED_INCLUDE_IN_FRAMEWORK_HEADER = YES;
				CLANG_WARN_RANGE_LOOP_ANALYSIS = YES;
				CLANG_WARN_STRICT_PROTOTYPES = YES;
				CLANG_WARN_SUSPICIOUS_MOVE = YES;
				CLANG_WARN_UNGUARDED_AVAILABILITY = YES_AGGRESSIVE;
				CLANG_WARN_UNREACHABLE_CODE = YES;
				CLANG_WARN__DUPLICATE_METHOD_MATCH = YES;
				COPY_PHASE_STRIP = NO;
				DEBUG_INFORMATION_FORMAT = dwarf;
				ENABLE_STRICT_OBJC_MSGSEND = YES;
				ENABLE_TESTABILITY = YES;
				ENABLE_USER_SCRIPT_SANDBOXING = YES;
				GCC_C_LANGUAGE_STANDARD = gnu17;
				GCC_DYNAMIC_NO_PIC = NO;
				GCC_NO_COMMON_BLOCKS = YES;
				GCC_OPTIMIZATION_LEVEL = 0;
				GCC_PREPROCESSOR_DEFINITIONS = (
					"DEBUG=1",
					"$(inherited)",
				);
				GCC_WARN_64_TO_32_BIT_CONVERSION = YES;
				GCC_WARN_ABOUT_RETURN_TYPE = YES_ERROR;
				GCC_WARN_UNDECLARED_SELECTOR = YES;
				GCC_WARN_UNINITIALIZED_AUTOS = YES_AGGRESSIVE;
				GCC_WARN_UNUSED_FUNCTION = YES;
				GCC_WARN_UNUSED_VARIABLE = YES;
				IPHONEOS_DEPLOYMENT_TARGET = 18.0;
				LOCALIZATION_PREFERS_STRING_CATALOGS = YES;
				MTL_ENABLE_DEBUG_INFO = INCLUDE_SOURCE;
				MTL_FAST_MATH = YES;
				ONLY_ACTIVE_ARCH = YES;
				SDKROOT = iphoneos;
				SWIFT_ACTIVE_COMPILATION_CONDITIONS = "DEBUG $(inherited)";
				SWIFT_OPTIMIZATION_LEVEL = "-Onone";
			};
			name = Debug;
		};
		3FC7BA112CB8C37D0089AE90 /* Release */ = {
			isa = XCBuildConfiguration;
			buildSettings = {
				ALWAYS_SEARCH_USER_PATHS = NO;
				ASSETCATALOG_COMPILER_GENERATE_SWIFT_ASSET_SYMBOL_EXTENSIONS = YES;
				CLANG_ANALYZER_NONNULL = YES;
				CLANG_ANALYZER_NUMBER_OBJECT_CONVERSION = YES_AGGRESSIVE;
				CLANG_CXX_LANGUAGE_STANDARD = "gnu++20";
				CLANG_ENABLE_MODULES = YES;
				CLANG_ENABLE_OBJC_ARC = YES;
				CLANG_ENABLE_OBJC_WEAK = YES;
				CLANG_WARN_BLOCK_CAPTURE_AUTORELEASING = YES;
				CLANG_WARN_BOOL_CONVERSION = YES;
				CLANG_WARN_COMMA = YES;
				CLANG_WARN_CONSTANT_CONVERSION = YES;
				CLANG_WARN_DEPRECATED_OBJC_IMPLEMENTATIONS = YES;
				CLANG_WARN_DIRECT_OBJC_ISA_USAGE = YES_ERROR;
				CLANG_WARN_DOCUMENTATION_COMMENTS = YES;
				CLANG_WARN_EMPTY_BODY = YES;
				CLANG_WARN_ENUM_CONVERSION = YES;
				CLANG_WARN_INFINITE_RECURSION = YES;
				CLANG_WARN_INT_CONVERSION = YES;
				CLANG_WARN_NON_LITERAL_NULL_CONVERSION = YES;
				CLANG_WARN_OBJC_IMPLICIT_RETAIN_SELF = YES;
				CLANG_WARN_OBJC_LITERAL_CONVERSION = YES;
				CLANG_WARN_OBJC_ROOT_CLASS = YES_ERROR;
				CLANG_WARN_QUOTED_INCLUDE_IN_FRAMEWORK_HEADER = YES;
				CLANG_WARN_RANGE_LOOP_ANALYSIS = YES;
				CLANG_WARN_STRICT_PROTOTYPES = YES;
				CLANG_WARN_SUSPICIOUS_MOVE = YES;
				CLANG_WARN_UNGUARDED_AVAILABILITY = YES_AGGRESSIVE;
				CLANG_WARN_UNREACHABLE_CODE = YES;
				CLANG_WARN__DUPLICATE_METHOD_MATCH = YES;
				COPY_PHASE_STRIP = NO;
				DEBUG_INFORMATION_FORMAT = "dwarf-with-dsym";
				ENABLE_NS_ASSERTIONS = NO;
				ENABLE_STRICT_OBJC_MSGSEND = YES;
				ENABLE_USER_SCRIPT_SANDBOXING = YES;
				GCC_C_LANGUAGE_STANDARD = gnu17;
				GCC_NO_COMMON_BLOCKS = YES;
				GCC_WARN_64_TO_32_BIT_CONVERSION = YES;
				GCC_WARN_ABOUT_RETURN_TYPE = YES_ERROR;
				GCC_WARN_UNDECLARED_SELECTOR = YES;
				GCC_WARN_UNINITIALIZED_AUTOS = YES_AGGRESSIVE;
				GCC_WARN_UNUSED_FUNCTION = YES;
				GCC_WARN_UNUSED_VARIABLE = YES;
				IPHONEOS_DEPLOYMENT_TARGET = 18.0;
				LOCALIZATION_PREFERS_STRING_CATALOGS = YES;
				MTL_ENABLE_DEBUG_INFO = NO;
				MTL_FAST_MATH = YES;
				SDKROOT = iphoneos;
				SWIFT_COMPILATION_MODE = wholemodule;
				VALIDATE_PRODUCT = YES;
			};
			name = Release;
		};
		3FC7BA132CB8C37D0089AE90 /* Debug */ = {
			isa = XCBuildConfiguration;
			buildSettings = {
				ASSETCATALOG_COMPILER_APPICON_NAME = AppIcon;
				ASSETCATALOG_COMPILER_GLOBAL_ACCENT_COLOR_NAME = AccentColor;
				CODE_SIGN_STYLE = Automatic;
				CURRENT_PROJECT_VERSION = 1;
				DEVELOPMENT_ASSET_PATHS = "\"w04_isb/Preview Content\"";
				ENABLE_PREVIEWS = YES;
				GENERATE_INFOPLIST_FILE = YES;
				INFOPLIST_KEY_UIApplicationSceneManifest_Generation = YES;
				INFOPLIST_KEY_UIApplicationSupportsIndirectInputEvents = YES;
				INFOPLIST_KEY_UILaunchScreen_Generation = YES;
				INFOPLIST_KEY_UISupportedInterfaceOrientations_iPad = "UIInterfaceOrientationPortrait UIInterfaceOrientationPortraitUpsideDown UIInterfaceOrientationLandscapeLeft UIInterfaceOrientationLandscapeRight";
				INFOPLIST_KEY_UISupportedInterfaceOrientations_iPhone = "UIInterfaceOrientationPortrait UIInterfaceOrientationLandscapeLeft UIInterfaceOrientationLandscapeRight";
				LD_RUNPATH_SEARCH_PATHS = (
					"$(inherited)",
					"@executable_path/Frameworks",
				);
				MARKETING_VERSION = 1.0;
				PRODUCT_BUNDLE_IDENTIFIER = "UC-ISB.w04-isb";
				PRODUCT_NAME = "$(TARGET_NAME)";
				SWIFT_EMIT_LOC_STRINGS = YES;
				SWIFT_VERSION = 5.0;
				TARGETED_DEVICE_FAMILY = "1,2";
			};
			name = Debug;
		};
		3FC7BA142CB8C37D0089AE90 /* Release */ = {
			isa = XCBuildConfiguration;
			buildSettings = {
				ASSETCATALOG_COMPILER_APPICON_NAME = AppIcon;
				ASSETCATALOG_COMPILER_GLOBAL_ACCENT_COLOR_NAME = AccentColor;
				CODE_SIGN_STYLE = Automatic;
				CURRENT_PROJECT_VERSION = 1;
				DEVELOPMENT_ASSET_PATHS = "\"w04_isb/Preview Content\"";
				ENABLE_PREVIEWS = YES;
				GENERATE_INFOPLIST_FILE = YES;
				INFOPLIST_KEY_UIApplicationSceneManifest_Generation = YES;
				INFOPLIST_KEY_UIApplicationSupportsIndirectInputEvents = YES;
				INFOPLIST_KEY_UILaunchScreen_Generation = YES;
				INFOPLIST_KEY_UISupportedInterfaceOrientations_iPad = "UIInterfaceOrientationPortrait UIInterfaceOrientationPortraitUpsideDown UIInterfaceOrientationLandscapeLeft UIInterfaceOrientationLandscapeRight";
				INFOPLIST_KEY_UISupportedInterfaceOrientations_iPhone = "UIInterfaceOrientationPortrait UIInterfaceOrientationLandscapeLeft UIInterfaceOrientationLandscapeRight";
				LD_RUNPATH_SEARCH_PATHS = (
					"$(inherited)",
					"@executable_path/Frameworks",
				);
				MARKETING_VERSION = 1.0;
				PRODUCT_BUNDLE_IDENTIFIER = "UC-ISB.w04-isb";
				PRODUCT_NAME = "$(TARGET_NAME)";
				SWIFT_EMIT_LOC_STRINGS = YES;
				SWIFT_VERSION = 5.0;
				TARGETED_DEVICE_FAMILY = "1,2";
			};
			name = Release;
		};
		3FC7BA162CB8C37D0089AE90 /* Debug */ = {
			isa = XCBuildConfiguration;
			buildSettings = {
				BUNDLE_LOADER = "$(TEST_HOST)";
				CODE_SIGN_STYLE = Automatic;
				CURRENT_PROJECT_VERSION = 1;
				GENERATE_INFOPLIST_FILE = YES;
				IPHONEOS_DEPLOYMENT_TARGET = 18.0;
				MARKETING_VERSION = 1.0;
				PRODUCT_BUNDLE_IDENTIFIER = "UC-ISB.w04-isbTests";
				PRODUCT_NAME = "$(TARGET_NAME)";
				SWIFT_EMIT_LOC_STRINGS = NO;
				SWIFT_VERSION = 5.0;
				TARGETED_DEVICE_FAMILY = "1,2";
				TEST_HOST = "$(BUILT_PRODUCTS_DIR)/w04_isb.app/$(BUNDLE_EXECUTABLE_FOLDER_PATH)/w04_isb";
			};
			name = Debug;
		};
		3FC7BA172CB8C37D0089AE90 /* Release */ = {
			isa = XCBuildConfiguration;
			buildSettings = {
				BUNDLE_LOADER = "$(TEST_HOST)";
				CODE_SIGN_STYLE = Automatic;
				CURRENT_PROJECT_VERSION = 1;
				GENERATE_INFOPLIST_FILE = YES;
				IPHONEOS_DEPLOYMENT_TARGET = 18.0;
				MARKETING_VERSION = 1.0;
				PRODUCT_BUNDLE_IDENTIFIER = "UC-ISB.w04-isbTests";
				PRODUCT_NAME = "$(TARGET_NAME)";
				SWIFT_EMIT_LOC_STRINGS = NO;
				SWIFT_VERSION = 5.0;
				TARGETED_DEVICE_FAMILY = "1,2";
				TEST_HOST = "$(BUILT_PRODUCTS_DIR)/w04_isb.app/$(BUNDLE_EXECUTABLE_FOLDER_PATH)/w04_isb";
			};
			name = Release;
		};
		3FC7BA192CB8C37D0089AE90 /* Debug */ = {
			isa = XCBuildConfiguration;
			buildSettings = {
				CODE_SIGN_STYLE = Automatic;
				CURRENT_PROJECT_VERSION = 1;
				GENERATE_INFOPLIST_FILE = YES;
				MARKETING_VERSION = 1.0;
				PRODUCT_BUNDLE_IDENTIFIER = "UC-ISB.w04-isbUITests";
				PRODUCT_NAME = "$(TARGET_NAME)";
				SWIFT_EMIT_LOC_STRINGS = NO;
				SWIFT_VERSION = 5.0;
				TARGETED_DEVICE_FAMILY = "1,2";
				TEST_TARGET_NAME = w04_isb;
			};
			name = Debug;
		};
		3FC7BA1A2CB8C37D0089AE90 /* Release */ = {
			isa = XCBuildConfiguration;
			buildSettings = {
				CODE_SIGN_STYLE = Automatic;
				CURRENT_PROJECT_VERSION = 1;
				GENERATE_INFOPLIST_FILE = YES;
				MARKETING_VERSION = 1.0;
				PRODUCT_BUNDLE_IDENTIFIER = "UC-ISB.w04-isbUITests";
				PRODUCT_NAME = "$(TARGET_NAME)";
				SWIFT_EMIT_LOC_STRINGS = NO;
				SWIFT_VERSION = 5.0;
				TARGETED_DEVICE_FAMILY = "1,2";
				TEST_TARGET_NAME = w04_isb;
			};
			name = Release;
		};
/* End XCBuildConfiguration section */

/* Begin XCConfigurationList section */
		3FC7B9E92CB8C37A0089AE90 /* Build configuration list for PBXProject "w04_isb" */ = {
			isa = XCConfigurationList;
			buildConfigurations = (
				3FC7BA102CB8C37D0089AE90 /* Debug */,
				3FC7BA112CB8C37D0089AE90 /* Release */,
			);
			defaultConfigurationIsVisible = 0;
			defaultConfigurationName = Release;
		};
		3FC7BA122CB8C37D0089AE90 /* Build configuration list for PBXNativeTarget "w04_isb" */ = {
			isa = XCConfigurationList;
			buildConfigurations = (
				3FC7BA132CB8C37D0089AE90 /* Debug */,
				3FC7BA142CB8C37D0089AE90 /* Release */,
			);
			defaultConfigurationIsVisible = 0;
			defaultConfigurationName = Release;
		};
		3FC7BA152CB8C37D0089AE90 /* Build configuration list for PBXNativeTarget "w04_isbTests" */ = {
			isa = XCConfigurationList;
			buildConfigurations = (
				3FC7BA162CB8C37D0089AE90 /* Debug */,
				3FC7BA172CB8C37D0089AE90 /* Release */,
			);
			defaultConfigurationIsVisible = 0;
			defaultConfigurationName = Release;
		};
		3FC7BA182CB8C37D0089AE90 /* Build configuration list for PBXNativeTarget "w04_isbUITests" */ = {
			isa = XCConfigurationList;
			buildConfigurations = (
				3FC7BA192CB8C37D0089AE90 /* Debug */,
				3FC7BA1A2CB8C37D0089AE90 /* Release */,
			);
			defaultConfigurationIsVisible = 0;
			defaultConfigurationName = Release;
		};
/* End XCConfigurationList section */
	};
	rootObject = 3FC7B9E62CB8C37A0089AE90 /* Project object */;
}
