// !$*UTF8*$!
{
	archiveVersion = 1;
	classes = {
	};
	objectVersion = 77;
	objects = {

/* Begin PBXContainerItemProxy section */
		3FDDE1382CC20C7100DA4BEE /* PBXContainerItemProxy */ = {
			isa = PBXContainerItemProxy;
			containerPortal = 3FDDE11F2CC20C6F00DA4BEE /* Project object */;
			proxyType = 1;
			remoteGlobalIDString = 3FDDE1262CC20C6F00DA4BEE;
			remoteInfo = Project1_Mobcom_Celin;
		};
		3FDDE1422CC20C7100DA4BEE /* PBXContainerItemProxy */ = {
			isa = PBXContainerItemProxy;
			containerPortal = 3FDDE11F2CC20C6F00DA4BEE /* Project object */;
			proxyType = 1;
			remoteGlobalIDString = 3FDDE1262CC20C6F00DA4BEE;
			remoteInfo = Project1_Mobcom_Celin;
		};
/* End PBXContainerItemProxy section */

/* Begin PBXFileReference section */
		3FDDE1272CC20C6F00DA4BEE /* Project1_Mobcom_Celin.app */ = {isa = PBXFileReference; explicitFileType = wrapper.application; includeInIndex = 0; path = Project1_Mobcom_Celin.app; sourceTree = BUILT_PRODUCTS_DIR; };
		3FDDE1372CC20C7100DA4BEE /* Project1_Mobcom_CelinTests.xctest */ = {isa = PBXFileReference; explicitFileType = wrapper.cfbundle; includeInIndex = 0; path = Project1_Mobcom_CelinTests.xctest; sourceTree = BUILT_PRODUCTS_DIR; };
		3FDDE1412CC20C7100DA4BEE /* Project1_Mobcom_CelinUITests.xctest */ = {isa = PBXFileReference; explicitFileType = wrapper.cfbundle; includeInIndex = 0; path = Project1_Mobcom_CelinUITests.xctest; sourceTree = BUILT_PRODUCTS_DIR; };
/* End PBXFileReference section */

/* Begin PBXFileSystemSynchronizedRootGroup section */
		3FDDE1292CC20C6F00DA4BEE /* Project1_Mobcom_Celin */ = {
			isa = PBXFileSystemSynchronizedRootGroup;
			path = Project1_Mobcom_Celin;
			sourceTree = "<group>";
		};
		3FDDE13A2CC20C7100DA4BEE /* Project1_Mobcom_CelinTests */ = {
			isa = PBXFileSystemSynchronizedRootGroup;
			path = Project1_Mobcom_CelinTests;
			sourceTree = "<group>";
		};
		3FDDE1442CC20C7100DA4BEE /* Project1_Mobcom_CelinUITests */ = {
			isa = PBXFileSystemSynchronizedRootGroup;
			path = Project1_Mobcom_CelinUITests;
			sourceTree = "<group>";
		};
/* End PBXFileSystemSynchronizedRootGroup section */

/* Begin PBXFrameworksBuildPhase section */
		3FDDE1242CC20C6F00DA4BEE /* Frameworks */ = {
			isa = PBXFrameworksBuildPhase;
			buildActionMask = 2147483647;
			files = (
			);
			runOnlyForDeploymentPostprocessing = 0;
		};
		3FDDE1342CC20C7100DA4BEE /* Frameworks */ = {
			isa = PBXFrameworksBuildPhase;
			buildActionMask = 2147483647;
			files = (
			);
			runOnlyForDeploymentPostprocessing = 0;
		};
		3FDDE13E2CC20C7100DA4BEE /* Frameworks */ = {
			isa = PBXFrameworksBuildPhase;
			buildActionMask = 2147483647;
			files = (
			);
			runOnlyForDeploymentPostprocessing = 0;
		};
/* End PBXFrameworksBuildPhase section */

/* Begin PBXGroup section */
		3FDDE11E2CC20C6F00DA4BEE = {
			isa = PBXGroup;
			children = (
				3FDDE1292CC20C6F00DA4BEE /* Project1_Mobcom_Celin */,
				3FDDE13A2CC20C7100DA4BEE /* Project1_Mobcom_CelinTests */,
				3FDDE1442CC20C7100DA4BEE /* Project1_Mobcom_CelinUITests */,
				3FDDE1282CC20C6F00DA4BEE /* Products */,
			);
			sourceTree = "<group>";
		};
		3FDDE1282CC20C6F00DA4BEE /* Products */ = {
			isa = PBXGroup;
			children = (
				3FDDE1272CC20C6F00DA4BEE /* Project1_Mobcom_Celin.app */,
				3FDDE1372CC20C7100DA4BEE /* Project1_Mobcom_CelinTests.xctest */,
				3FDDE1412CC20C7100DA4BEE /* Project1_Mobcom_CelinUITests.xctest */,
			);
			name = Products;
			sourceTree = "<group>";
		};
/* End PBXGroup section */

/* Begin PBXNativeTarget section */
		3FDDE1262CC20C6F00DA4BEE /* Project1_Mobcom_Celin */ = {
			isa = PBXNativeTarget;
			buildConfigurationList = 3FDDE14B2CC20C7100DA4BEE /* Build configuration list for PBXNativeTarget "Project1_Mobcom_Celin" */;
			buildPhases = (
				3FDDE1232CC20C6F00DA4BEE /* Sources */,
				3FDDE1242CC20C6F00DA4BEE /* Frameworks */,
				3FDDE1252CC20C6F00DA4BEE /* Resources */,
			);
			buildRules = (
			);
			dependencies = (
			);
			fileSystemSynchronizedGroups = (
				3FDDE1292CC20C6F00DA4BEE /* Project1_Mobcom_Celin */,
			);
			name = Project1_Mobcom_Celin;
			packageProductDependencies = (
			);
			productName = Project1_Mobcom_Celin;
			productReference = 3FDDE1272CC20C6F00DA4BEE /* Project1_Mobcom_Celin.app */;
			productType = "com.apple.product-type.application";
		};
		3FDDE1362CC20C7100DA4BEE /* Project1_Mobcom_CelinTests */ = {
			isa = PBXNativeTarget;
			buildConfigurationList = 3FDDE14E2CC20C7100DA4BEE /* Build configuration list for PBXNativeTarget "Project1_Mobcom_CelinTests" */;
			buildPhases = (
				3FDDE1332CC20C7100DA4BEE /* Sources */,
				3FDDE1342CC20C7100DA4BEE /* Frameworks */,
				3FDDE1352CC20C7100DA4BEE /* Resources */,
			);
			buildRules = (
			);
			dependencies = (
				3FDDE1392CC20C7100DA4BEE /* PBXTargetDependency */,
			);
			fileSystemSynchronizedGroups = (
				3FDDE13A2CC20C7100DA4BEE /* Project1_Mobcom_CelinTests */,
			);
			name = Project1_Mobcom_CelinTests;
			packageProductDependencies = (
			);
			productName = Project1_Mobcom_CelinTests;
			productReference = 3FDDE1372CC20C7100DA4BEE /* Project1_Mobcom_CelinTests.xctest */;
			productType = "com.apple.product-type.bundle.unit-test";
		};
		3FDDE1402CC20C7100DA4BEE /* Project1_Mobcom_CelinUITests */ = {
			isa = PBXNativeTarget;
			buildConfigurationList = 3FDDE1512CC20C7100DA4BEE /* Build configuration list for PBXNativeTarget "Project1_Mobcom_CelinUITests" */;
			buildPhases = (
				3FDDE13D2CC20C7100DA4BEE /* Sources */,
				3FDDE13E2CC20C7100DA4BEE /* Frameworks */,
				3FDDE13F2CC20C7100DA4BEE /* Resources */,
			);
			buildRules = (
			);
			dependencies = (
				3FDDE1432CC20C7100DA4BEE /* PBXTargetDependency */,
			);
			fileSystemSynchronizedGroups = (
				3FDDE1442CC20C7100DA4BEE /* Project1_Mobcom_CelinUITests */,
			);
			name = Project1_Mobcom_CelinUITests;
			packageProductDependencies = (
			);
			productName = Project1_Mobcom_CelinUITests;
			productReference = 3FDDE1412CC20C7100DA4BEE /* Project1_Mobcom_CelinUITests.xctest */;
			productType = "com.apple.product-type.bundle.ui-testing";
		};
/* End PBXNativeTarget section */

/* Begin PBXProject section */
		3FDDE11F2CC20C6F00DA4BEE /* Project object */ = {
			isa = PBXProject;
			attributes = {
				BuildIndependentTargetsInParallel = 1;
				LastSwiftUpdateCheck = 1600;
				LastUpgradeCheck = 1600;
				TargetAttributes = {
					3FDDE1262CC20C6F00DA4BEE = {
						CreatedOnToolsVersion = 16.0;
					};
					3FDDE1362CC20C7100DA4BEE = {
						CreatedOnToolsVersion = 16.0;
						TestTargetID = 3FDDE1262CC20C6F00DA4BEE;
					};
					3FDDE1402CC20C7100DA4BEE = {
						CreatedOnToolsVersion = 16.0;
						TestTargetID = 3FDDE1262CC20C6F00DA4BEE;
					};
				};
			};
			buildConfigurationList = 3FDDE1222CC20C6F00DA4BEE /* Build configuration list for PBXProject "Project1_Mobcom_Celin" */;
			developmentRegion = en;
			hasScannedForEncodings = 0;
			knownRegions = (
				en,
				Base,
			);
			mainGroup = 3FDDE11E2CC20C6F00DA4BEE;
			minimizedProjectReferenceProxies = 1;
			preferredProjectObjectVersion = 77;
			productRefGroup = 3FDDE1282CC20C6F00DA4BEE /* Products */;
			projectDirPath = "";
			projectRoot = "";
			targets = (
				3FDDE1262CC20C6F00DA4BEE /* Project1_Mobcom_Celin */,
				3FDDE1362CC20C7100DA4BEE /* Project1_Mobcom_CelinTests */,
				3FDDE1402CC20C7100DA4BEE /* Project1_Mobcom_CelinUITests */,
			);
		};
/* End PBXProject section */

/* Begin PBXResourcesBuildPhase section */
		3FDDE1252CC20C6F00DA4BEE /* Resources */ = {
			isa = PBXResourcesBuildPhase;
			buildActionMask = 2147483647;
			files = (
			);
			runOnlyForDeploymentPostprocessing = 0;
		};
		3FDDE1352CC20C7100DA4BEE /* Resources */ = {
			isa = PBXResourcesBuildPhase;
			buildActionMask = 2147483647;
			files = (
			);
			runOnlyForDeploymentPostprocessing = 0;
		};
		3FDDE13F2CC20C7100DA4BEE /* Resources */ = {
			isa = PBXResourcesBuildPhase;
			buildActionMask = 2147483647;
			files = (
			);
			runOnlyForDeploymentPostprocessing = 0;
		};
/* End PBXResourcesBuildPhase section */

/* Begin PBXSourcesBuildPhase section */
		3FDDE1232CC20C6F00DA4BEE /* Sources */ = {
			isa = PBXSourcesBuildPhase;
			buildActionMask = 2147483647;
			files = (
			);
			runOnlyForDeploymentPostprocessing = 0;
		};
		3FDDE1332CC20C7100DA4BEE /* Sources */ = {
			isa = PBXSourcesBuildPhase;
			buildActionMask = 2147483647;
			files = (
			);
			runOnlyForDeploymentPostprocessing = 0;
		};
		3FDDE13D2CC20C7100DA4BEE /* Sources */ = {
			isa = PBXSourcesBuildPhase;
			buildActionMask = 2147483647;
			files = (
			);
			runOnlyForDeploymentPostprocessing = 0;
		};
/* End PBXSourcesBuildPhase section */

/* Begin PBXTargetDependency section */
		3FDDE1392CC20C7100DA4BEE /* PBXTargetDependency */ = {
			isa = PBXTargetDependency;
			target = 3FDDE1262CC20C6F00DA4BEE /* Project1_Mobcom_Celin */;
			targetProxy = 3FDDE1382CC20C7100DA4BEE /* PBXContainerItemProxy */;
		};
		3FDDE1432CC20C7100DA4BEE /* PBXTargetDependency */ = {
			isa = PBXTargetDependency;
			target = 3FDDE1262CC20C6F00DA4BEE /* Project1_Mobcom_Celin */;
			targetProxy = 3FDDE1422CC20C7100DA4BEE /* PBXContainerItemProxy */;
		};
/* End PBXTargetDependency section */

/* Begin XCBuildConfiguration section */
		3FDDE1492CC20C7100DA4BEE /* Debug */ = {
			isa = XCBuildConfiguration;
			buildSettings = {
				ALWAYS_SEARCH_USER_PATHS = NO;
				ASSETCATALOG_COMPILER_GENERATE_SWIFT_ASSET_SYMBOL_EXTENSIONS = YES;
				CLANG_ANALYZER_NONNULL = YES;
				CLANG_ANALYZER_NUMBER_OBJECT_CONVERSION = YES_AGGRESSIVE;
				CLANG_CXX_LANGUAGE_STANDARD = "gnu++20";
				CLANG_ENABLE_MODULES = YES;
				CLANG_ENABLE_OBJC_ARC = YES;
				CLANG_ENABLE_OBJC_WEAK = YES;
				CLANG_WARN_BLOCK_CAPTURE_AUTORELEASING = YES;
				CLANG_WARN_BOOL_CONVERSION = YES;
				CLANG_WARN_COMMA = YES;
				CLANG_WARN_CONSTANT_CONVERSION = YES;
				CLANG_WARN_DEPRECATED_OBJC_IMPLEMENTATIONS = YES;
				CLANG_WARN_DIRECT_OBJC_ISA_USAGE = YES_ERROR;
				CLANG_WARN_DOCUMENTATION_COMMENTS = YES;
				CLANG_WARN_EMPTY_BODY = YES;
				CLANG_WARN_ENUM_CONVERSION = YES;
				CLANG_WARN_INFINITE_RECURSION = YES;
				CLANG_WARN_INT_CONVERSION = YES;
				CLANG_WARN_NON_LITERAL_NULL_CONVERSION = YES;
				CLANG_WARN_OBJC_IMPLICIT_RETAIN_SELF = YES;
				CLANG_WARN_OBJC_LITERAL_CONVERSION = YES;
				CLANG_WARN_OBJC_ROOT_CLASS = YES_ERROR;
				CLANG_WARN_QUOTED_INCLUDE_IN_FRAMEWORK_HEADER = YES;
				CLANG_WARN_RANGE_LOOP_ANALYSIS = YES;
				CLANG_WARN_STRICT_PROTOTYPES = YES;
				CLANG_WARN_SUSPICIOUS_MOVE = YES;
				CLANG_WARN_UNGUARDED_AVAILABILITY = YES_AGGRESSIVE;
				CLANG_WARN_UNREACHABLE_CODE = YES;
				CLANG_WARN__DUPLICATE_METHOD_MATCH = YES;
				COPY_PHASE_STRIP = NO;
				DEBUG_INFORMATION_FORMAT = dwarf;
				ENABLE_STRICT_OBJC_MSGSEND = YES;
				ENABLE_TESTABILITY = YES;
				ENABLE_USER_SCRIPT_SANDBOXING = YES;
				GCC_C_LANGUAGE_STANDARD = gnu17;
				GCC_DYNAMIC_NO_PIC = NO;
				GCC_NO_COMMON_BLOCKS = YES;
				GCC_OPTIMIZATION_LEVEL = 0;
				GCC_PREPROCESSOR_DEFINITIONS = (
					"DEBUG=1",
					"$(inherited)",
				);
				GCC_WARN_64_TO_32_BIT_CONVERSION = YES;
				GCC_WARN_ABOUT_RETURN_TYPE = YES_ERROR;
				GCC_WARN_UNDECLARED_SELECTOR = YES;
				GCC_WARN_UNINITIALIZED_AUTOS = YES_AGGRESSIVE;
				GCC_WARN_UNUSED_FUNCTION = YES;
				GCC_WARN_UNUSED_VARIABLE = YES;
				IPHONEOS_DEPLOYMENT_TARGET = 18.0;
				LOCALIZATION_PREFERS_STRING_CATALOGS = YES;
				MTL_ENABLE_DEBUG_INFO = INCLUDE_SOURCE;
				MTL_FAST_MATH = YES;
				ONLY_ACTIVE_ARCH = YES;
				SDKROOT = iphoneos;
				SWIFT_ACTIVE_COMPILATION_CONDITIONS = "DEBUG $(inherited)";
				SWIFT_OPTIMIZATION_LEVEL = "-Onone";
			};
			name = Debug;
		};
		3FDDE14A2CC20C7100DA4BEE /* Release */ = {
			isa = XCBuildConfiguration;
			buildSettings = {
				ALWAYS_SEARCH_USER_PATHS = NO;
				ASSETCATALOG_COMPILER_GENERATE_SWIFT_ASSET_SYMBOL_EXTENSIONS = YES;
				CLANG_ANALYZER_NONNULL = YES;
				CLANG_ANALYZER_NUMBER_OBJECT_CONVERSION = YES_AGGRESSIVE;
				CLANG_CXX_LANGUAGE_STANDARD = "gnu++20";
				CLANG_ENABLE_MODULES = YES;
				CLANG_ENABLE_OBJC_ARC = YES;
				CLANG_ENABLE_OBJC_WEAK = YES;
				CLANG_WARN_BLOCK_CAPTURE_AUTORELEASING = YES;
				CLANG_WARN_BOOL_CONVERSION = YES;
				CLANG_WARN_COMMA = YES;
				CLANG_WARN_CONSTANT_CONVERSION = YES;
				CLANG_WARN_DEPRECATED_OBJC_IMPLEMENTATIONS = YES;
				CLANG_WARN_DIRECT_OBJC_ISA_USAGE = YES_ERROR;
				CLANG_WARN_DOCUMENTATION_COMMENTS = YES;
				CLANG_WARN_EMPTY_BODY = YES;
				CLANG_WARN_ENUM_CONVERSION = YES;
				CLANG_WARN_INFINITE_RECURSION = YES;
				CLANG_WARN_INT_CONVERSION = YES;
				CLANG_WARN_NON_LITERAL_NULL_CONVERSION = YES;
				CLANG_WARN_OBJC_IMPLICIT_RETAIN_SELF = YES;
				CLANG_WARN_OBJC_LITERAL_CONVERSION = YES;
				CLANG_WARN_OBJC_ROOT_CLASS = YES_ERROR;
				CLANG_WARN_QUOTED_INCLUDE_IN_FRAMEWORK_HEADER = YES;
				CLANG_WARN_RANGE_LOOP_ANALYSIS = YES;
				CLANG_WARN_STRICT_PROTOTYPES = YES;
				CLANG_WARN_SUSPICIOUS_MOVE = YES;
				CLANG_WARN_UNGUARDED_AVAILABILITY = YES_AGGRESSIVE;
				CLANG_WARN_UNREACHABLE_CODE = YES;
				CLANG_WARN__DUPLICATE_METHOD_MATCH = YES;
				COPY_PHASE_STRIP = NO;
				DEBUG_INFORMATION_FORMAT = "dwarf-with-dsym";
				ENABLE_NS_ASSERTIONS = NO;
				ENABLE_STRICT_OBJC_MSGSEND = YES;
				ENABLE_USER_SCRIPT_SANDBOXING = YES;
				GCC_C_LANGUAGE_STANDARD = gnu17;
				GCC_NO_COMMON_BLOCKS = YES;
				GCC_WARN_64_TO_32_BIT_CONVERSION = YES;
				GCC_WARN_ABOUT_RETURN_TYPE = YES_ERROR;
				GCC_WARN_UNDECLARED_SELECTOR = YES;
				GCC_WARN_UNINITIALIZED_AUTOS = YES_AGGRESSIVE;
				GCC_WARN_UNUSED_FUNCTION = YES;
				GCC_WARN_UNUSED_VARIABLE = YES;
				IPHONEOS_DEPLOYMENT_TARGET = 18.0;
				LOCALIZATION_PREFERS_STRING_CATALOGS = YES;
				MTL_ENABLE_DEBUG_INFO = NO;
				MTL_FAST_MATH = YES;
				SDKROOT = iphoneos;
				SWIFT_COMPILATION_MODE = wholemodule;
				VALIDATE_PRODUCT = YES;
			};
			name = Release;
		};
		3FDDE14C2CC20C7100DA4BEE /* Debug */ = {
			isa = XCBuildConfiguration;
			buildSettings = {
				ASSETCATALOG_COMPILER_APPICON_NAME = AppIcon;
				ASSETCATALOG_COMPILER_GLOBAL_ACCENT_COLOR_NAME = AccentColor;
				CODE_SIGN_STYLE = Automatic;
				CURRENT_PROJECT_VERSION = 1;
				DEVELOPMENT_ASSET_PATHS = "\"Project1_Mobcom_Celin/Preview Content\"";
				ENABLE_PREVIEWS = YES;
				GENERATE_INFOPLIST_FILE = YES;
				INFOPLIST_KEY_UIApplicationSceneManifest_Generation = YES;
				INFOPLIST_KEY_UIApplicationSupportsIndirectInputEvents = YES;
				INFOPLIST_KEY_UILaunchScreen_Generation = YES;
				INFOPLIST_KEY_UISupportedInterfaceOrientations_iPad = "UIInterfaceOrientationPortrait UIInterfaceOrientationPortraitUpsideDown UIInterfaceOrientationLandscapeLeft UIInterfaceOrientationLandscapeRight";
				INFOPLIST_KEY_UISupportedInterfaceOrientations_iPhone = "UIInterfaceOrientationPortrait UIInterfaceOrientationLandscapeLeft UIInterfaceOrientationLandscapeRight";
				LD_RUNPATH_SEARCH_PATHS = (
					"$(inherited)",
					"@executable_path/Frameworks",
				);
				MARKETING_VERSION = 1.0;
				PRODUCT_BUNDLE_IDENTIFIER = "UC-ISB.Project1-Mobcom-Celin";
				PRODUCT_NAME = "$(TARGET_NAME)";
				SWIFT_EMIT_LOC_STRINGS = YES;
				SWIFT_VERSION = 5.0;
				TARGETED_DEVICE_FAMILY = "1,2";
			};
			name = Debug;
		};
		3FDDE14D2CC20C7100DA4BEE /* Release */ = {
			isa = XCBuildConfiguration;
			buildSettings = {
				ASSETCATALOG_COMPILER_APPICON_NAME = AppIcon;
				ASSETCATALOG_COMPILER_GLOBAL_ACCENT_COLOR_NAME = AccentColor;
				CODE_SIGN_STYLE = Automatic;
				CURRENT_PROJECT_VERSION = 1;
				DEVELOPMENT_ASSET_PATHS = "\"Project1_Mobcom_Celin/Preview Content\"";
				ENABLE_PREVIEWS = YES;
				GENERATE_INFOPLIST_FILE = YES;
				INFOPLIST_KEY_UIApplicationSceneManifest_Generation = YES;
				INFOPLIST_KEY_UIApplicationSupportsIndirectInputEvents = YES;
				INFOPLIST_KEY_UILaunchScreen_Generation = YES;
				INFOPLIST_KEY_UISupportedInterfaceOrientations_iPad = "UIInterfaceOrientationPortrait UIInterfaceOrientationPortraitUpsideDown UIInterfaceOrientationLandscapeLeft UIInterfaceOrientationLandscapeRight";
				INFOPLIST_KEY_UISupportedInterfaceOrientations_iPhone = "UIInterfaceOrientationPortrait UIInterfaceOrientationLandscapeLeft UIInterfaceOrientationLandscapeRight";
				LD_RUNPATH_SEARCH_PATHS = (
					"$(inherited)",
					"@executable_path/Frameworks",
				);
				MARKETING_VERSION = 1.0;
				PRODUCT_BUNDLE_IDENTIFIER = "UC-ISB.Project1-Mobcom-Celin";
				PRODUCT_NAME = "$(TARGET_NAME)";
				SWIFT_EMIT_LOC_STRINGS = YES;
				SWIFT_VERSION = 5.0;
				TARGETED_DEVICE_FAMILY = "1,2";
			};
			name = Release;
		};
		3FDDE14F2CC20C7100DA4BEE /* Debug */ = {
			isa = XCBuildConfiguration;
			buildSettings = {
				BUNDLE_LOADER = "$(TEST_HOST)";
				CODE_SIGN_STYLE = Automatic;
				CURRENT_PROJECT_VERSION = 1;
				GENERATE_INFOPLIST_FILE = YES;
				IPHONEOS_DEPLOYMENT_TARGET = 18.0;
				MARKETING_VERSION = 1.0;
				PRODUCT_BUNDLE_IDENTIFIER = "UC-ISB.Project1-Mobcom-CelinTests";
				PRODUCT_NAME = "$(TARGET_NAME)";
				SWIFT_EMIT_LOC_STRINGS = NO;
				SWIFT_VERSION = 5.0;
				TARGETED_DEVICE_FAMILY = "1,2";
				TEST_HOST = "$(BUILT_PRODUCTS_DIR)/Project1_Mobcom_Celin.app/$(BUNDLE_EXECUTABLE_FOLDER_PATH)/Project1_Mobcom_Celin";
			};
			name = Debug;
		};
		3FDDE1502CC20C7100DA4BEE /* Release */ = {
			isa = XCBuildConfiguration;
			buildSettings = {
				BUNDLE_LOADER = "$(TEST_HOST)";
				CODE_SIGN_STYLE = Automatic;
				CURRENT_PROJECT_VERSION = 1;
				GENERATE_INFOPLIST_FILE = YES;
				IPHONEOS_DEPLOYMENT_TARGET = 18.0;
				MARKETING_VERSION = 1.0;
				PRODUCT_BUNDLE_IDENTIFIER = "UC-ISB.Project1-Mobcom-CelinTests";
				PRODUCT_NAME = "$(TARGET_NAME)";
				SWIFT_EMIT_LOC_STRINGS = NO;
				SWIFT_VERSION = 5.0;
				TARGETED_DEVICE_FAMILY = "1,2";
				TEST_HOST = "$(BUILT_PRODUCTS_DIR)/Project1_Mobcom_Celin.app/$(BUNDLE_EXECUTABLE_FOLDER_PATH)/Project1_Mobcom_Celin";
			};
			name = Release;
		};
		3FDDE1522CC20C7100DA4BEE /* Debug */ = {
			isa = XCBuildConfiguration;
			buildSettings = {
				CODE_SIGN_STYLE = Automatic;
				CURRENT_PROJECT_VERSION = 1;
				GENERATE_INFOPLIST_FILE = YES;
				MARKETING_VERSION = 1.0;
				PRODUCT_BUNDLE_IDENTIFIER = "UC-ISB.Project1-Mobcom-CelinUITests";
				PRODUCT_NAME = "$(TARGET_NAME)";
				SWIFT_EMIT_LOC_STRINGS = NO;
				SWIFT_VERSION = 5.0;
				TARGETED_DEVICE_FAMILY = "1,2";
				TEST_TARGET_NAME = Project1_Mobcom_Celin;
			};
			name = Debug;
		};
		3FDDE1532CC20C7100DA4BEE /* Release */ = {
			isa = XCBuildConfiguration;
			buildSettings = {
				CODE_SIGN_STYLE = Automatic;
				CURRENT_PROJECT_VERSION = 1;
				GENERATE_INFOPLIST_FILE = YES;
				MARKETING_VERSION = 1.0;
				PRODUCT_BUNDLE_IDENTIFIER = "UC-ISB.Project1-Mobcom-CelinUITests";
				PRODUCT_NAME = "$(TARGET_NAME)";
				SWIFT_EMIT_LOC_STRINGS = NO;
				SWIFT_VERSION = 5.0;
				TARGETED_DEVICE_FAMILY = "1,2";
				TEST_TARGET_NAME = Project1_Mobcom_Celin;
			};
			name = Release;
		};
/* End XCBuildConfiguration section */

/* Begin XCConfigurationList section */
		3FDDE1222CC20C6F00DA4BEE /* Build configuration list for PBXProject "Project1_Mobcom_Celin" */ = {
			isa = XCConfigurationList;
			buildConfigurations = (
				3FDDE1492CC20C7100DA4BEE /* Debug */,
				3FDDE14A2CC20C7100DA4BEE /* Release */,
			);
			defaultConfigurationIsVisible = 0;
			defaultConfigurationName = Release;
		};
		3FDDE14B2CC20C7100DA4BEE /* Build configuration list for PBXNativeTarget "Project1_Mobcom_Celin" */ = {
			isa = XCConfigurationList;
			buildConfigurations = (
				3FDDE14C2CC20C7100DA4BEE /* Debug */,
				3FDDE14D2CC20C7100DA4BEE /* Release */,
			);
			defaultConfigurationIsVisible = 0;
			defaultConfigurationName = Release;
		};
		3FDDE14E2CC20C7100DA4BEE /* Build configuration list for PBXNativeTarget "Project1_Mobcom_CelinTests" */ = {
			isa = XCConfigurationList;
			buildConfigurations = (
				3FDDE14F2CC20C7100DA4BEE /* Debug */,
				3FDDE1502CC20C7100DA4BEE /* Release */,
			);
			defaultConfigurationIsVisible = 0;
			defaultConfigurationName = Release;
		};
		3FDDE1512CC20C7100DA4BEE /* Build configuration list for PBXNativeTarget "Project1_Mobcom_CelinUITests" */ = {
			isa = XCConfigurationList;
			buildConfigurations = (
				3FDDE1522CC20C7100DA4BEE /* Debug */,
				3FDDE1532CC20C7100DA4BEE /* Release */,
			);
			defaultConfigurationIsVisible = 0;
			defaultConfigurationName = Release;
		};
/* End XCConfigurationList section */
	};
	rootObject = 3FDDE11F2CC20C6F00DA4BEE /* Project object */;
}
